
Microsoft Visual Studio Solution File, Format Version 12.00
# Visual Studio 15
VisualStudioVersion = 15.0.27703.2047
MinimumVisualStudioVersion = 10.0.40219.1
Project("{FAE04EC0-301F-11D3-BF4B-00C04F79EFBC}") = "CosmosDB.Gremlin.Fluent", "CosmosDB.Gremlin.Fluent\CosmosDB.Gremlin.Fluent.csproj", "{2949CCC4-3043-4080-8593-DFB15774A40D}"
EndProject
Project("{FAE04EC0-301F-11D3-BF4B-00C04F79EFBC}") = "CosmosDB.Gremlin.Fluent.Tests", "CosmosDB.Gremlin.Fluent.Tests\CosmosDB.Gremlin.Fluent.Tests.csproj", "{1FA5BA8A-BD57-41B4-B9EF-7FBB833677C9}"
EndProject
Global
	GlobalSection(SolutionConfigurationPlatforms) = preSolution
		Debug|Any CPU = Debug|Any CPU
		Release|Any CPU = Release|Any CPU
	EndGlobalSection
	GlobalSection(ProjectConfigurationPlatforms) = postSolution
		{2949CCC4-3043-4080-8593-DFB15774A40D}.Debug|Any CPU.ActiveCfg = Debug|Any CPU
		{2949CCC4-3043-4080-8593-DFB15774A40D}.Debug|Any CPU.Build.0 = Debug|Any CPU
		{2949CCC4-3043-4080-8593-DFB15774A40D}.Release|Any CPU.ActiveCfg = Release|Any CPU
		{2949CCC4-3043-4080-8593-DFB15774A40D}.Release|Any CPU.Build.0 = Release|Any CPU
		{1FA5BA8A-BD57-41B4-B9EF-7FBB833677C9}.Debug|Any CPU.ActiveCfg = Debug|Any CPU
		{1FA5BA8A-BD57-41B4-B9EF-7FBB833677C9}.Debug|Any CPU.Build.0 = Debug|Any CPU
		{1FA5BA8A-BD57-41B4-B9EF-7FBB833677C9}.Release|Any CPU.ActiveCfg = Release|Any CPU
		{1FA5BA8A-BD57-41B4-B9EF-7FBB833677C9}.Release|Any CPU.Build.0 = Release|Any CPU
	EndGlobalSection
	GlobalSection(SolutionProperties) = preSolution
		HideSolutionNode = FALSE
	EndGlobalSection
	GlobalSection(ExtensibilityGlobals) = postSolution
		SolutionGuid = {B87316CA-8F33-4D72-A25E-83F30A638B15}
	EndGlobalSection
EndGlobal
